
Microsoft Visual Studio Solution File, Format Version 12.00
# Visual Studio Version 16
VisualStudioVersion = 16.0.30413.136
MinimumVisualStudioVersion = 10.0.40219.1
Project("{9A19103F-16F7-4668-BE54-9A1E7A4F7556}") = "Brights", "Brights\Brights.csproj", "{75CE124C-BADB-4B94-BC85-19793F70515E}"
EndProject
Project("{FAE04EC0-301F-11D3-BF4B-00C04F79EFBC}") = "Brights.BLL", "Brights.BLL\Brights.BLL.csproj", "{53F5034B-18E2-4F9A-A93B-1ED322769370}"
EndProject
Global
	GlobalSection(SolutionConfigurationPlatforms) = preSolution
		Debug|Any CPU = Debug|Any CPU
		Release|Any CPU = Release|Any CPU
	EndGlobalSection
	GlobalSection(ProjectConfigurationPlatforms) = postSolution
		{75CE124C-BADB-4B94-BC85-19793F70515E}.Debug|Any CPU.ActiveCfg = Debug|Any CPU
		{75CE124C-BADB-4B94-BC85-19793F70515E}.Debug|Any CPU.Build.0 = Debug|Any CPU
		{75CE124C-BADB-4B94-BC85-19793F70515E}.Release|Any CPU.ActiveCfg = Release|Any CPU
		{75CE124C-BADB-4B94-BC85-19793F70515E}.Release|Any CPU.Build.0 = Release|Any CPU
		{53F5034B-18E2-4F9A-A93B-1ED322769370}.Debug|Any CPU.ActiveCfg = Debug|Any CPU
		{53F5034B-18E2-4F9A-A93B-1ED322769370}.Debug|Any CPU.Build.0 = Debug|Any CPU
		{53F5034B-18E2-4F9A-A93B-1ED322769370}.Release|Any CPU.ActiveCfg = Release|Any CPU
		{53F5034B-18E2-4F9A-A93B-1ED322769370}.Release|Any CPU.Build.0 = Release|Any CPU
	EndGlobalSection
	GlobalSection(SolutionProperties) = preSolution
		HideSolutionNode = FALSE
	EndGlobalSection
	GlobalSection(ExtensibilityGlobals) = postSolution
		SolutionGuid = {971DF9F8-F7A2-44A4-8A6B-3DED11765D63}
	EndGlobalSection
EndGlobal
